
Microsoft Visual Studio Solution File, Format Version 12.00
# Visual Studio Version 17
VisualStudioVersion = 17.8.34309.116
MinimumVisualStudioVersion = 10.0.40219.1
Project("{9A19103F-16F7-4668-BE54-9A1E7A4F7556}") = "MyMessenger", "MyMessenger\MyMessenger.csproj", "{146985E6-BFCE-4311-B23D-0354BF5DC462}"
EndProject
Project("{9A19103F-16F7-4668-BE54-9A1E7A4F7556}") = "MyMessenger.Application", "MyMessenger.Application\MyMessenger.Application.csproj", "{36C7507B-D981-4971-A5CB-9C67CD977A3E}"
EndProject
Project("{9A19103F-16F7-4668-BE54-9A1E7A4F7556}") = "MyMessenger.Domain", "MyMessenger.Domain\MyMessenger.Domain.csproj", "{44DAC8DC-001C-43C0-B94D-06D932D87A4D}"
EndProject
Project("{9A19103F-16F7-4668-BE54-9A1E7A4F7556}") = "MyMessenger.Maui", "MyMessenger.Maui\MyMessenger.Maui.csproj", "{C0EF9B51-C679-4198-B657-7BCBE45D792C}"
EndProject
Project("{9A19103F-16F7-4668-BE54-9A1E7A4F7556}") = "MyMessenger.Application.Tests", "MyMessenger.Application.Tests\MyMessenger.Application.Tests.csproj", "{5D109896-89C8-43FF-A714-6C1FE817D27E}"
EndProject
Project("{2150E333-8FDC-42A3-9474-1A3956D46DE8}") = "Tests", "Tests", "{2CAE68AB-886E-4AAC-A3BB-F261BA762845}"
EndProject
Project("{9A19103F-16F7-4668-BE54-9A1E7A4F7556}") = "MyMessenger.Domain.Tests", "MyMessenger.Domain.Tests\MyMessenger.Domain.Tests.csproj", "{F46469B3-059E-467A-B6DC-2C3B09D355B8}"
EndProject
Project("{9A19103F-16F7-4668-BE54-9A1E7A4F7556}") = "MyMessenger.Integration.Tests", "MyMessenger.Integration.Tests\MyMessenger.Integration.Tests.csproj", "{25F3F253-B919-446E-B4BB-F43C7E67CC43}"
EndProject
Project("{9A19103F-16F7-4668-BE54-9A1E7A4F7556}") = "MyMessenger.Tests", "MyMessenger.Tests\MyMessenger.Tests.csproj", "{F7049637-E282-480A-B05A-7FA625458F47}"
EndProject
Project("{FAE04EC0-301F-11D3-BF4B-00C04F79EFBC}") = "MyMessenger.Bicep", "MyMessenger.Bicep\MyMessenger.Bicep.csproj", "{17484EDE-0103-4392-B319-CFF540BEF6E5}"
EndProject
Global
	GlobalSection(SolutionConfigurationPlatforms) = preSolution
		Debug|Any CPU = Debug|Any CPU
		Release|Any CPU = Release|Any CPU
	EndGlobalSection
	GlobalSection(ProjectConfigurationPlatforms) = postSolution
		{146985E6-BFCE-4311-B23D-0354BF5DC462}.Debug|Any CPU.ActiveCfg = Debug|Any CPU
		{146985E6-BFCE-4311-B23D-0354BF5DC462}.Debug|Any CPU.Build.0 = Debug|Any CPU
		{146985E6-BFCE-4311-B23D-0354BF5DC462}.Release|Any CPU.ActiveCfg = Release|Any CPU
		{146985E6-BFCE-4311-B23D-0354BF5DC462}.Release|Any CPU.Build.0 = Release|Any CPU
		{36C7507B-D981-4971-A5CB-9C67CD977A3E}.Debug|Any CPU.ActiveCfg = Debug|Any CPU
		{36C7507B-D981-4971-A5CB-9C67CD977A3E}.Debug|Any CPU.Build.0 = Debug|Any CPU
		{36C7507B-D981-4971-A5CB-9C67CD977A3E}.Release|Any CPU.ActiveCfg = Release|Any CPU
		{36C7507B-D981-4971-A5CB-9C67CD977A3E}.Release|Any CPU.Build.0 = Release|Any CPU
		{44DAC8DC-001C-43C0-B94D-06D932D87A4D}.Debug|Any CPU.ActiveCfg = Debug|Any CPU
		{44DAC8DC-001C-43C0-B94D-06D932D87A4D}.Debug|Any CPU.Build.0 = Debug|Any CPU
		{44DAC8DC-001C-43C0-B94D-06D932D87A4D}.Release|Any CPU.ActiveCfg = Release|Any CPU
		{44DAC8DC-001C-43C0-B94D-06D932D87A4D}.Release|Any CPU.Build.0 = Release|Any CPU
		{C0EF9B51-C679-4198-B657-7BCBE45D792C}.Debug|Any CPU.ActiveCfg = Debug|Any CPU
		{C0EF9B51-C679-4198-B657-7BCBE45D792C}.Debug|Any CPU.Build.0 = Debug|Any CPU
		{C0EF9B51-C679-4198-B657-7BCBE45D792C}.Debug|Any CPU.Deploy.0 = Debug|Any CPU
		{C0EF9B51-C679-4198-B657-7BCBE45D792C}.Release|Any CPU.ActiveCfg = Release|Any CPU
		{C0EF9B51-C679-4198-B657-7BCBE45D792C}.Release|Any CPU.Build.0 = Release|Any CPU
		{C0EF9B51-C679-4198-B657-7BCBE45D792C}.Release|Any CPU.Deploy.0 = Release|Any CPU
		{5D109896-89C8-43FF-A714-6C1FE817D27E}.Debug|Any CPU.ActiveCfg = Debug|Any CPU
		{5D109896-89C8-43FF-A714-6C1FE817D27E}.Debug|Any CPU.Build.0 = Debug|Any CPU
		{5D109896-89C8-43FF-A714-6C1FE817D27E}.Release|Any CPU.ActiveCfg = Release|Any CPU
		{5D109896-89C8-43FF-A714-6C1FE817D27E}.Release|Any CPU.Build.0 = Release|Any CPU
		{F46469B3-059E-467A-B6DC-2C3B09D355B8}.Debug|Any CPU.ActiveCfg = Debug|Any CPU
		{F46469B3-059E-467A-B6DC-2C3B09D355B8}.Debug|Any CPU.Build.0 = Debug|Any CPU
		{F46469B3-059E-467A-B6DC-2C3B09D355B8}.Release|Any CPU.ActiveCfg = Release|Any CPU
		{F46469B3-059E-467A-B6DC-2C3B09D355B8}.Release|Any CPU.Build.0 = Release|Any CPU
		{25F3F253-B919-446E-B4BB-F43C7E67CC43}.Debug|Any CPU.ActiveCfg = Debug|Any CPU
		{25F3F253-B919-446E-B4BB-F43C7E67CC43}.Debug|Any CPU.Build.0 = Debug|Any CPU
		{25F3F253-B919-446E-B4BB-F43C7E67CC43}.Release|Any CPU.ActiveCfg = Release|Any CPU
		{25F3F253-B919-446E-B4BB-F43C7E67CC43}.Release|Any CPU.Build.0 = Release|Any CPU
		{F7049637-E282-480A-B05A-7FA625458F47}.Debug|Any CPU.ActiveCfg = Debug|Any CPU
		{F7049637-E282-480A-B05A-7FA625458F47}.Debug|Any CPU.Build.0 = Debug|Any CPU
		{F7049637-E282-480A-B05A-7FA625458F47}.Release|Any CPU.ActiveCfg = Release|Any CPU
		{F7049637-E282-480A-B05A-7FA625458F47}.Release|Any CPU.Build.0 = Release|Any CPU
		{17484EDE-0103-4392-B319-CFF540BEF6E5}.Debug|Any CPU.ActiveCfg = Debug|Any CPU
		{17484EDE-0103-4392-B319-CFF540BEF6E5}.Debug|Any CPU.Build.0 = Debug|Any CPU
		{17484EDE-0103-4392-B319-CFF540BEF6E5}.Release|Any CPU.ActiveCfg = Release|Any CPU
		{17484EDE-0103-4392-B319-CFF540BEF6E5}.Release|Any CPU.Build.0 = Release|Any CPU
	EndGlobalSection
	GlobalSection(SolutionProperties) = preSolution
		HideSolutionNode = FALSE
	EndGlobalSection
	GlobalSection(NestedProjects) = preSolution
		{5D109896-89C8-43FF-A714-6C1FE817D27E} = {2CAE68AB-886E-4AAC-A3BB-F261BA762845}
		{F46469B3-059E-467A-B6DC-2C3B09D355B8} = {2CAE68AB-886E-4AAC-A3BB-F261BA762845}
		{25F3F253-B919-446E-B4BB-F43C7E67CC43} = {2CAE68AB-886E-4AAC-A3BB-F261BA762845}
		{F7049637-E282-480A-B05A-7FA625458F47} = {2CAE68AB-886E-4AAC-A3BB-F261BA762845}
	EndGlobalSection
	GlobalSection(ExtensibilityGlobals) = postSolution
		SolutionGuid = {5A33C780-A39C-48B9-8170-FE9757159B82}
	EndGlobalSection
EndGlobal
